// !$*UTF8*$!
{
	archiveVersion = 1;
	classes = {
	};
	objectVersion = 46;
	objects = {

/* Begin PBXBuildFile section */
		1C0D06201C7F0B2700F7F5A1 /* LogDetailNavigationController.swift in Sources */ = {isa = PBXBuildFile; fileRef = 1C0D061F1C7F0B2700F7F5A1 /* LogDetailNavigationController.swift */; };
		1CDD0ADD1C7C057B0082A00B /* AppDelegate.swift in Sources */ = {isa = PBXBuildFile; fileRef = 1CDD0ADC1C7C057B0082A00B /* AppDelegate.swift */; };
		1CDD0ADF1C7C057B0082A00B /* StartViewController.swift in Sources */ = {isa = PBXBuildFile; fileRef = 1CDD0ADE1C7C057B0082A00B /* StartViewController.swift */; };
		1CDD0AE21C7C057B0082A00B /* Main.storyboard in Resources */ = {isa = PBXBuildFile; fileRef = 1CDD0AE01C7C057B0082A00B /* Main.storyboard */; };
		1CDD0AE51C7C057B0082A00B /* Location_Log.xcdatamodeld in Sources */ = {isa = PBXBuildFile; fileRef = 1CDD0AE31C7C057B0082A00B /* Location_Log.xcdatamodeld */; };
		1CDD0AE71C7C057B0082A00B /* Assets.xcassets in Resources */ = {isa = PBXBuildFile; fileRef = 1CDD0AE61C7C057B0082A00B /* Assets.xcassets */; };
		1CDD0AEA1C7C057B0082A00B /* LaunchScreen.storyboard in Resources */ = {isa = PBXBuildFile; fileRef = 1CDD0AE81C7C057B0082A00B /* LaunchScreen.storyboard */; };
		1CDD0AF51C7C057C0082A00B /* Location_LogTests.swift in Sources */ = {isa = PBXBuildFile; fileRef = 1CDD0AF41C7C057C0082A00B /* Location_LogTests.swift */; };
		1CDD0B001C7C057C0082A00B /* Location_LogUITests.swift in Sources */ = {isa = PBXBuildFile; fileRef = 1CDD0AFF1C7C057C0082A00B /* Location_LogUITests.swift */; };
		1CDD0B141C7C08FC0082A00B /* LogTableViewCell.swift in Sources */ = {isa = PBXBuildFile; fileRef = 1CDD0B121C7C08FC0082A00B /* LogTableViewCell.swift */; };
		1CDD0B171C7C0AF60082A00B /* LogListTableViewController.swift in Sources */ = {isa = PBXBuildFile; fileRef = 1CDD0B161C7C0AF60082A00B /* LogListTableViewController.swift */; };
		1CDD0B191C7C0C240082A00B /* Log.swift in Sources */ = {isa = PBXBuildFile; fileRef = 1CDD0B181C7C0C240082A00B /* Log.swift */; };
		1CDD0B1B1C7C19150082A00B /* LoggingViewController.swift in Sources */ = {isa = PBXBuildFile; fileRef = 1CDD0B1A1C7C19150082A00B /* LoggingViewController.swift */; };
		1CDD0B1D1C7C26D80082A00B /* MapKit.framework in Frameworks */ = {isa = PBXBuildFile; fileRef = 1CDD0B1C1C7C26D80082A00B /* MapKit.framework */; };
		1CDD0B1F1C7C9E610082A00B /* LogDetailViewController.swift in Sources */ = {isa = PBXBuildFile; fileRef = 1CDD0B1E1C7C9E610082A00B /* LogDetailViewController.swift */; };
		1CDD0B211C7CE75F0082A00B /* LogDetailTableViewCell.xib in Resources */ = {isa = PBXBuildFile; fileRef = 1CDD0B201C7CE75F0082A00B /* LogDetailTableViewCell.xib */; };
		1CDD0B231C7CE7790082A00B /* LogDetailTableViewCell.swift in Sources */ = {isa = PBXBuildFile; fileRef = 1CDD0B221C7CE7790082A00B /* LogDetailTableViewCell.swift */; };
		1CDD0B261C7D65EB0082A00B /* Double.swift in Sources */ = {isa = PBXBuildFile; fileRef = 1CDD0B251C7D65EB0082A00B /* Double.swift */; };
		1CDD0B281C7D831D0082A00B /* CLLocationCoordinate2D.swift in Sources */ = {isa = PBXBuildFile; fileRef = 1CDD0B271C7D831D0082A00B /* CLLocationCoordinate2D.swift */; };
		1CDD0B2A1C7D86390082A00B /* String.swift in Sources */ = {isa = PBXBuildFile; fileRef = 1CDD0B291C7D86390082A00B /* String.swift */; };
/* End PBXBuildFile section */

/* Begin PBXContainerItemProxy section */
		1CDD0AF11C7C057C0082A00B /* PBXContainerItemProxy */ = {
			isa = PBXContainerItemProxy;
			containerPortal = 1CDD0AD11C7C057B0082A00B /* Project object */;
			proxyType = 1;
			remoteGlobalIDString = 1CDD0AD81C7C057B0082A00B;
			remoteInfo = "Location Log";
		};
		1CDD0AFC1C7C057C0082A00B /* PBXContainerItemProxy */ = {
			isa = PBXContainerItemProxy;
			containerPortal = 1CDD0AD11C7C057B0082A00B /* Project object */;
			proxyType = 1;
			remoteGlobalIDString = 1CDD0AD81C7C057B0082A00B;
			remoteInfo = "Location Log";
		};
/* End PBXContainerItemProxy section */

/* Begin PBXFileReference section */
		1C0D061F1C7F0B2700F7F5A1 /* LogDetailNavigationController.swift */ = {isa = PBXFileReference; fileEncoding = 4; lastKnownFileType = sourcecode.swift; path = LogDetailNavigationController.swift; sourceTree = "<group>"; };
		1CDD0AD91C7C057B0082A00B /* Location Log.app */ = {isa = PBXFileReference; explicitFileType = wrapper.application; includeInIndex = 0; path = "Location Log.app"; sourceTree = BUILT_PRODUCTS_DIR; };
		1CDD0ADC1C7C057B0082A00B /* AppDelegate.swift */ = {isa = PBXFileReference; lastKnownFileType = sourcecode.swift; path = AppDelegate.swift; sourceTree = "<group>"; };
		1CDD0ADE1C7C057B0082A00B /* StartViewController.swift */ = {isa = PBXFileReference; lastKnownFileType = sourcecode.swift; path = StartViewController.swift; sourceTree = "<group>"; };
		1CDD0AE11C7C057B0082A00B /* Base */ = {isa = PBXFileReference; lastKnownFileType = file.storyboard; name = Base; path = Base.lproj/Main.storyboard; sourceTree = "<group>"; };
		1CDD0AE41C7C057B0082A00B /* Location_Log.xcdatamodel */ = {isa = PBXFileReference; lastKnownFileType = wrapper.xcdatamodel; path = Location_Log.xcdatamodel; sourceTree = "<group>"; };
		1CDD0AE61C7C057B0082A00B /* Assets.xcassets */ = {isa = PBXFileReference; lastKnownFileType = folder.assetcatalog; path = Assets.xcassets; sourceTree = "<group>"; };
		1CDD0AE91C7C057B0082A00B /* Base */ = {isa = PBXFileReference; lastKnownFileType = file.storyboard; name = Base; path = Base.lproj/LaunchScreen.storyboard; sourceTree = "<group>"; };
		1CDD0AEB1C7C057B0082A00B /* Info.plist */ = {isa = PBXFileReference; lastKnownFileType = text.plist.xml; path = Info.plist; sourceTree = "<group>"; };
		1CDD0AF01C7C057C0082A00B /* Location LogTests.xctest */ = {isa = PBXFileReference; explicitFileType = wrapper.cfbundle; includeInIndex = 0; path = "Location LogTests.xctest"; sourceTree = BUILT_PRODUCTS_DIR; };
		1CDD0AF41C7C057C0082A00B /* Location_LogTests.swift */ = {isa = PBXFileReference; lastKnownFileType = sourcecode.swift; path = Location_LogTests.swift; sourceTree = "<group>"; };
		1CDD0AF61C7C057C0082A00B /* Info.plist */ = {isa = PBXFileReference; lastKnownFileType = text.plist.xml; path = Info.plist; sourceTree = "<group>"; };
		1CDD0AFB1C7C057C0082A00B /* Location LogUITests.xctest */ = {isa = PBXFileReference; explicitFileType = wrapper.cfbundle; includeInIndex = 0; path = "Location LogUITests.xctest"; sourceTree = BUILT_PRODUCTS_DIR; };
		1CDD0AFF1C7C057C0082A00B /* Location_LogUITests.swift */ = {isa = PBXFileReference; lastKnownFileType = sourcecode.swift; path = Location_LogUITests.swift; sourceTree = "<group>"; };
		1CDD0B011C7C057C0082A00B /* Info.plist */ = {isa = PBXFileReference; lastKnownFileType = text.plist.xml; path = Info.plist; sourceTree = "<group>"; };
		1CDD0B121C7C08FC0082A00B /* LogTableViewCell.swift */ = {isa = PBXFileReference; fileEncoding = 4; lastKnownFileType = sourcecode.swift; path = LogTableViewCell.swift; sourceTree = "<group>"; };
		1CDD0B161C7C0AF60082A00B /* LogListTableViewController.swift */ = {isa = PBXFileReference; fileEncoding = 4; lastKnownFileType = sourcecode.swift; path = LogListTableViewController.swift; sourceTree = "<group>"; };
		1CDD0B181C7C0C240082A00B /* Log.swift */ = {isa = PBXFileReference; fileEncoding = 4; lastKnownFileType = sourcecode.swift; path = Log.swift; sourceTree = "<group>"; };
		1CDD0B1A1C7C19150082A00B /* LoggingViewController.swift */ = {isa = PBXFileReference; fileEncoding = 4; lastKnownFileType = sourcecode.swift; path = LoggingViewController.swift; sourceTree = "<group>"; };
		1CDD0B1C1C7C26D80082A00B /* MapKit.framework */ = {isa = PBXFileReference; lastKnownFileType = wrapper.framework; name = MapKit.framework; path = System/Library/Frameworks/MapKit.framework; sourceTree = SDKROOT; };
		1CDD0B1E1C7C9E610082A00B /* LogDetailViewController.swift */ = {isa = PBXFileReference; fileEncoding = 4; lastKnownFileType = sourcecode.swift; path = LogDetailViewController.swift; sourceTree = "<group>"; };
		1CDD0B201C7CE75F0082A00B /* LogDetailTableViewCell.xib */ = {isa = PBXFileReference; fileEncoding = 4; lastKnownFileType = file.xib; path = LogDetailTableViewCell.xib; sourceTree = "<group>"; };
		1CDD0B221C7CE7790082A00B /* LogDetailTableViewCell.swift */ = {isa = PBXFileReference; fileEncoding = 4; lastKnownFileType = sourcecode.swift; path = LogDetailTableViewCell.swift; sourceTree = "<group>"; };
		1CDD0B251C7D65EB0082A00B /* Double.swift */ = {isa = PBXFileReference; fileEncoding = 4; lastKnownFileType = sourcecode.swift; path = Double.swift; sourceTree = "<group>"; };
		1CDD0B271C7D831D0082A00B /* CLLocationCoordinate2D.swift */ = {isa = PBXFileReference; fileEncoding = 4; lastKnownFileType = sourcecode.swift; path = CLLocationCoordinate2D.swift; sourceTree = "<group>"; };
		1CDD0B291C7D86390082A00B /* String.swift */ = {isa = PBXFileReference; fileEncoding = 4; lastKnownFileType = sourcecode.swift; path = String.swift; sourceTree = "<group>"; };
/* End PBXFileReference section */

/* Begin PBXFrameworksBuildPhase section */
		1CDD0AD61C7C057B0082A00B /* Frameworks */ = {
			isa = PBXFrameworksBuildPhase;
			buildActionMask = 2147483647;
			files = (
				1CDD0B1D1C7C26D80082A00B /* MapKit.framework in Frameworks */,
			);
			runOnlyForDeploymentPostprocessing = 0;
		};
		1CDD0AED1C7C057C0082A00B /* Frameworks */ = {
			isa = PBXFrameworksBuildPhase;
			buildActionMask = 2147483647;
			files = (
			);
			runOnlyForDeploymentPostprocessing = 0;
		};
		1CDD0AF81C7C057C0082A00B /* Frameworks */ = {
			isa = PBXFrameworksBuildPhase;
			buildActionMask = 2147483647;
			files = (
			);
			runOnlyForDeploymentPostprocessing = 0;
		};
/* End PBXFrameworksBuildPhase section */

/* Begin PBXGroup section */
		1CDD0AD01C7C057B0082A00B = {
			isa = PBXGroup;
			children = (
				1CDD0B1C1C7C26D80082A00B /* MapKit.framework */,
				1CDD0ADB1C7C057B0082A00B /* Location Log */,
				1CDD0AF31C7C057C0082A00B /* Location LogTests */,
				1CDD0AFE1C7C057C0082A00B /* Location LogUITests */,
				1CDD0ADA1C7C057B0082A00B /* Products */,
			);
			sourceTree = "<group>";
		};
		1CDD0ADA1C7C057B0082A00B /* Products */ = {
			isa = PBXGroup;
			children = (
				1CDD0AD91C7C057B0082A00B /* Location Log.app */,
				1CDD0AF01C7C057C0082A00B /* Location LogTests.xctest */,
				1CDD0AFB1C7C057C0082A00B /* Location LogUITests.xctest */,
			);
			name = Products;
			sourceTree = "<group>";
		};
		1CDD0ADB1C7C057B0082A00B /* Location Log */ = {
			isa = PBXGroup;
			children = (
				1CDD0B241C7D65BC0082A00B /* Extension */,
				1CDD0B0D1C7C078F0082A00B /* Model */,
				1CDD0B0F1C7C07A80082A00B /* View */,
				1CDD0B101C7C07AE0082A00B /* Controller */,
				1CDD0ADC1C7C057B0082A00B /* AppDelegate.swift */,
				1CDD0AE61C7C057B0082A00B /* Assets.xcassets */,
				1CDD0AEB1C7C057B0082A00B /* Info.plist */,
				1CDD0AE31C7C057B0082A00B /* Location_Log.xcdatamodeld */,
			);
			path = "Location Log";
			sourceTree = "<group>";
		};
		1CDD0AF31C7C057C0082A00B /* Location LogTests */ = {
			isa = PBXGroup;
			children = (
				1CDD0AF41C7C057C0082A00B /* Location_LogTests.swift */,
				1CDD0AF61C7C057C0082A00B /* Info.plist */,
			);
			path = "Location LogTests";
			sourceTree = "<group>";
		};
		1CDD0AFE1C7C057C0082A00B /* Location LogUITests */ = {
			isa = PBXGroup;
			children = (
				1CDD0AFF1C7C057C0082A00B /* Location_LogUITests.swift */,
				1CDD0B011C7C057C0082A00B /* Info.plist */,
			);
			path = "Location LogUITests";
			sourceTree = "<group>";
		};
		1CDD0B0D1C7C078F0082A00B /* Model */ = {
			isa = PBXGroup;
			children = (
				1CDD0B181C7C0C240082A00B /* Log.swift */,
			);
			name = Model;
			sourceTree = "<group>";
		};
		1CDD0B0F1C7C07A80082A00B /* View */ = {
			isa = PBXGroup;
			children = (
				1CDD0B111C7C08C50082A00B /* Table View Cell */,
				1CDD0AE01C7C057B0082A00B /* Main.storyboard */,
				1CDD0AE81C7C057B0082A00B /* LaunchScreen.storyboard */,
			);
			name = View;
			sourceTree = "<group>";
		};
		1CDD0B101C7C07AE0082A00B /* Controller */ = {
			isa = PBXGroup;
			children = (
				1CDD0ADE1C7C057B0082A00B /* StartViewController.swift */,
				1CDD0B161C7C0AF60082A00B /* LogListTableViewController.swift */,
				1CDD0B1A1C7C19150082A00B /* LoggingViewController.swift */,
				1CDD0B1E1C7C9E610082A00B /* LogDetailViewController.swift */,
				1C0D061F1C7F0B2700F7F5A1 /* LogDetailNavigationController.swift */,
			);
			name = Controller;
			sourceTree = "<group>";
		};
		1CDD0B111C7C08C50082A00B /* Table View Cell */ = {
			isa = PBXGroup;
			children = (
				1CDD0B121C7C08FC0082A00B /* LogTableViewCell.swift */,
				1CDD0B221C7CE7790082A00B /* LogDetailTableViewCell.swift */,
				1CDD0B201C7CE75F0082A00B /* LogDetailTableViewCell.xib */,
			);
			name = "Table View Cell";
			sourceTree = "<group>";
		};
		1CDD0B241C7D65BC0082A00B /* Extension */ = {
			isa = PBXGroup;
			children = (
				1CDD0B251C7D65EB0082A00B /* Double.swift */,
				1CDD0B271C7D831D0082A00B /* CLLocationCoordinate2D.swift */,
				1CDD0B291C7D86390082A00B /* String.swift */,
			);
			name = Extension;
			sourceTree = "<group>";
		};
/* End PBXGroup section */

/* Begin PBXNativeTarget section */
		1CDD0AD81C7C057B0082A00B /* Location Log */ = {
			isa = PBXNativeTarget;
			buildConfigurationList = 1CDD0B041C7C057C0082A00B /* Build configuration list for PBXNativeTarget "Location Log" */;
			buildPhases = (
				1CDD0AD51C7C057B0082A00B /* Sources */,
				1CDD0AD61C7C057B0082A00B /* Frameworks */,
				1CDD0AD71C7C057B0082A00B /* Resources */,
			);
			buildRules = (
			);
			dependencies = (
			);
			name = "Location Log";
			productName = "Location Log";
			productReference = 1CDD0AD91C7C057B0082A00B /* Location Log.app */;
			productType = "com.apple.product-type.application";
		};
		1CDD0AEF1C7C057C0082A00B /* Location LogTests */ = {
			isa = PBXNativeTarget;
			buildConfigurationList = 1CDD0B071C7C057C0082A00B /* Build configuration list for PBXNativeTarget "Location LogTests" */;
			buildPhases = (
				1CDD0AEC1C7C057C0082A00B /* Sources */,
				1CDD0AED1C7C057C0082A00B /* Frameworks */,
				1CDD0AEE1C7C057C0082A00B /* Resources */,
			);
			buildRules = (
			);
			dependencies = (
				1CDD0AF21C7C057C0082A00B /* PBXTargetDependency */,
			);
			name = "Location LogTests";
			productName = "Location LogTests";
			productReference = 1CDD0AF01C7C057C0082A00B /* Location LogTests.xctest */;
			productType = "com.apple.product-type.bundle.unit-test";
		};
		1CDD0AFA1C7C057C0082A00B /* Location LogUITests */ = {
			isa = PBXNativeTarget;
			buildConfigurationList = 1CDD0B0A1C7C057C0082A00B /* Build configuration list for PBXNativeTarget "Location LogUITests" */;
			buildPhases = (
				1CDD0AF71C7C057C0082A00B /* Sources */,
				1CDD0AF81C7C057C0082A00B /* Frameworks */,
				1CDD0AF91C7C057C0082A00B /* Resources */,
			);
			buildRules = (
			);
			dependencies = (
				1CDD0AFD1C7C057C0082A00B /* PBXTargetDependency */,
			);
			name = "Location LogUITests";
			productName = "Location LogUITests";
			productReference = 1CDD0AFB1C7C057C0082A00B /* Location LogUITests.xctest */;
			productType = "com.apple.product-type.bundle.ui-testing";
		};
/* End PBXNativeTarget section */

/* Begin PBXProject section */
		1CDD0AD11C7C057B0082A00B /* Project object */ = {
			isa = PBXProject;
			attributes = {
				LastSwiftUpdateCheck = 0720;
				LastUpgradeCheck = 0720;
				ORGANIZATIONNAME = "Quang Minh Trinh";
				TargetAttributes = {
					1CDD0AD81C7C057B0082A00B = {
						CreatedOnToolsVersion = 7.2.1;
						DevelopmentTeam = M2T6Z3VFYT;
						SystemCapabilities = {
							com.apple.BackgroundModes = {
								enabled = 1;
							};
							com.apple.Maps.iOS = {
								enabled = 1;
							};
						};
					};
					1CDD0AEF1C7C057C0082A00B = {
						CreatedOnToolsVersion = 7.2.1;
						TestTargetID = 1CDD0AD81C7C057B0082A00B;
					};
					1CDD0AFA1C7C057C0082A00B = {
						CreatedOnToolsVersion = 7.2.1;
						TestTargetID = 1CDD0AD81C7C057B0082A00B;
					};
				};
			};
			buildConfigurationList = 1CDD0AD41C7C057B0082A00B /* Build configuration list for PBXProject "Location Log" */;
			compatibilityVersion = "Xcode 3.2";
			developmentRegion = English;
			hasScannedForEncodings = 0;
			knownRegions = (
				en,
				Base,
			);
			mainGroup = 1CDD0AD01C7C057B0082A00B;
			productRefGroup = 1CDD0ADA1C7C057B0082A00B /* Products */;
			projectDirPath = "";
			projectRoot = "";
			targets = (
				1CDD0AD81C7C057B0082A00B /* Location Log */,
				1CDD0AEF1C7C057C0082A00B /* Location LogTests */,
				1CDD0AFA1C7C057C0082A00B /* Location LogUITests */,
			);
		};
/* End PBXProject section */

/* Begin PBXResourcesBuildPhase section */
		1CDD0AD71C7C057B0082A00B /* Resources */ = {
			isa = PBXResourcesBuildPhase;
			buildActionMask = 2147483647;
			files = (
				1CDD0AEA1C7C057B0082A00B /* LaunchScreen.storyboard in Resources */,
				1CDD0AE71C7C057B0082A00B /* Assets.xcassets in Resources */,
				1CDD0B211C7CE75F0082A00B /* LogDetailTableViewCell.xib in Resources */,
				1CDD0AE21C7C057B0082A00B /* Main.storyboard in Resources */,
			);
			runOnlyForDeploymentPostprocessing = 0;
		};
		1CDD0AEE1C7C057C0082A00B /* Resources */ = {
			isa = PBXResourcesBuildPhase;
			buildActionMask = 2147483647;
			files = (
			);
			runOnlyForDeploymentPostprocessing = 0;
		};
		1CDD0AF91C7C057C0082A00B /* Resources */ = {
			isa = PBXResourcesBuildPhase;
			buildActionMask = 2147483647;
			files = (
			);
			runOnlyForDeploymentPostprocessing = 0;
		};
/* End PBXResourcesBuildPhase section */

/* Begin PBXSourcesBuildPhase section */
		1CDD0AD51C7C057B0082A00B /* Sources */ = {
			isa = PBXSourcesBuildPhase;
			buildActionMask = 2147483647;
			files = (
				1CDD0ADF1C7C057B0082A00B /* StartViewController.swift in Sources */,
				1CDD0B1B1C7C19150082A00B /* LoggingViewController.swift in Sources */,
				1CDD0ADD1C7C057B0082A00B /* AppDelegate.swift in Sources */,
				1CDD0B191C7C0C240082A00B /* Log.swift in Sources */,
				1CDD0B1F1C7C9E610082A00B /* LogDetailViewController.swift in Sources */,
				1CDD0B141C7C08FC0082A00B /* LogTableViewCell.swift in Sources */,
				1CDD0B2A1C7D86390082A00B /* String.swift in Sources */,
				1CDD0AE51C7C057B0082A00B /* Location_Log.xcdatamodeld in Sources */,
				1C0D06201C7F0B2700F7F5A1 /* LogDetailNavigationController.swift in Sources */,
				1CDD0B281C7D831D0082A00B /* CLLocationCoordinate2D.swift in Sources */,
				1CDD0B231C7CE7790082A00B /* LogDetailTableViewCell.swift in Sources */,
				1CDD0B261C7D65EB0082A00B /* Double.swift in Sources */,
				1CDD0B171C7C0AF60082A00B /* LogListTableViewController.swift in Sources */,
			);
			runOnlyForDeploymentPostprocessing = 0;
		};
		1CDD0AEC1C7C057C0082A00B /* Sources */ = {
			isa = PBXSourcesBuildPhase;
			buildActionMask = 2147483647;
			files = (
				1CDD0AF51C7C057C0082A00B /* Location_LogTests.swift in Sources */,
			);
			runOnlyForDeploymentPostprocessing = 0;
		};
		1CDD0AF71C7C057C0082A00B /* Sources */ = {
			isa = PBXSourcesBuildPhase;
			buildActionMask = 2147483647;
			files = (
				1CDD0B001C7C057C0082A00B /* Location_LogUITests.swift in Sources */,
			);
			runOnlyForDeploymentPostprocessing = 0;
		};
/* End PBXSourcesBuildPhase section */

/* Begin PBXTargetDependency section */
		1CDD0AF21C7C057C0082A00B /* PBXTargetDependency */ = {
			isa = PBXTargetDependency;
			target = 1CDD0AD81C7C057B0082A00B /* Location Log */;
			targetProxy = 1CDD0AF11C7C057C0082A00B /* PBXContainerItemProxy */;
		};
		1CDD0AFD1C7C057C0082A00B /* PBXTargetDependency */ = {
			isa = PBXTargetDependency;
			target = 1CDD0AD81C7C057B0082A00B /* Location Log */;
			targetProxy = 1CDD0AFC1C7C057C0082A00B /* PBXContainerItemProxy */;
		};
/* End PBXTargetDependency section */

/* Begin PBXVariantGroup section */
		1CDD0AE01C7C057B0082A00B /* Main.storyboard */ = {
			isa = PBXVariantGroup;
			children = (
				1CDD0AE11C7C057B0082A00B /* Base */,
			);
			name = Main.storyboard;
			sourceTree = "<group>";
		};
		1CDD0AE81C7C057B0082A00B /* LaunchScreen.storyboard */ = {
			isa = PBXVariantGroup;
			children = (
				1CDD0AE91C7C057B0082A00B /* Base */,
			);
			name = LaunchScreen.storyboard;
			sourceTree = "<group>";
		};
/* End PBXVariantGroup section */

/* Begin XCBuildConfiguration section */
		1CDD0B021C7C057C0082A00B /* Debug */ = {
			isa = XCBuildConfiguration;
			buildSettings = {
				ALWAYS_SEARCH_USER_PATHS = NO;
				CLANG_CXX_LANGUAGE_STANDARD = "gnu++0x";
				CLANG_CXX_LIBRARY = "libc++";
				CLANG_ENABLE_MODULES = YES;
				CLANG_ENABLE_OBJC_ARC = YES;
				CLANG_WARN_BOOL_CONVERSION = YES;
				CLANG_WARN_CONSTANT_CONVERSION = YES;
				CLANG_WARN_DIRECT_OBJC_ISA_USAGE = YES_ERROR;
				CLANG_WARN_EMPTY_BODY = YES;
				CLANG_WARN_ENUM_CONVERSION = YES;
				CLANG_WARN_INT_CONVERSION = YES;
				CLANG_WARN_OBJC_ROOT_CLASS = YES_ERROR;
				CLANG_WARN_UNREACHABLE_CODE = YES;
				CLANG_WARN__DUPLICATE_METHOD_MATCH = YES;
				"CODE_SIGN_IDENTITY[sdk=iphoneos*]" = "iPhone Developer";
				COPY_PHASE_STRIP = NO;
				DEBUG_INFORMATION_FORMAT = dwarf;
				ENABLE_STRICT_OBJC_MSGSEND = YES;
				ENABLE_TESTABILITY = YES;
				GCC_C_LANGUAGE_STANDARD = gnu99;
				GCC_DYNAMIC_NO_PIC = NO;
				GCC_NO_COMMON_BLOCKS = YES;
				GCC_OPTIMIZATION_LEVEL = 0;
				GCC_PREPROCESSOR_DEFINITIONS = (
					"DEBUG=1",
					"$(inherited)",
				);
				GCC_WARN_64_TO_32_BIT_CONVERSION = YES;
				GCC_WARN_ABOUT_RETURN_TYPE = YES_ERROR;
				GCC_WARN_UNDECLARED_SELECTOR = YES;
				GCC_WARN_UNINITIALIZED_AUTOS = YES_AGGRESSIVE;
				GCC_WARN_UNUSED_FUNCTION = YES;
				GCC_WARN_UNUSED_VARIABLE = YES;
				IPHONEOS_DEPLOYMENT_TARGET = 9.2;
				MTL_ENABLE_DEBUG_INFO = YES;
				ONLY_ACTIVE_ARCH = YES;
				SDKROOT = iphoneos;
				SWIFT_OPTIMIZATION_LEVEL = "-Onone";
			};
			name = Debug;
		};
		1CDD0B031C7C057C0082A00B /* Release */ = {
			isa = XCBuildConfiguration;
			buildSettings = {
				ALWAYS_SEARCH_USER_PATHS = NO;
				CLANG_CXX_LANGUAGE_STANDARD = "gnu++0x";
				CLANG_CXX_LIBRARY = "libc++";
				CLANG_ENABLE_MODULES = YES;
				CLANG_ENABLE_OBJC_ARC = YES;
				CLANG_WARN_BOOL_CONVERSION = YES;
				CLANG_WARN_CONSTANT_CONVERSION = YES;
				CLANG_WARN_DIRECT_OBJC_ISA_USAGE = YES_ERROR;
				CLANG_WARN_EMPTY_BODY = YES;
				CLANG_WARN_ENUM_CONVERSION = YES;
				CLANG_WARN_INT_CONVERSION = YES;
				CLANG_WARN_OBJC_ROOT_CLASS = YES_ERROR;
				CLANG_WARN_UNREACHABLE_CODE = YES;
				CLANG_WARN__DUPLICATE_METHOD_MATCH = YES;
				"CODE_SIGN_IDENTITY[sdk=iphoneos*]" = "iPhone Developer";
				COPY_PHASE_STRIP = NO;
				DEBUG_INFORMATION_FORMAT = "dwarf-with-dsym";
				ENABLE_NS_ASSERTIONS = NO;
				ENABLE_STRICT_OBJC_MSGSEND = YES;
				GCC_C_LANGUAGE_STANDARD = gnu99;
				GCC_NO_COMMON_BLOCKS = YES;
				GCC_WARN_64_TO_32_BIT_CONVERSION = YES;
				GCC_WARN_ABOUT_RETURN_TYPE = YES_ERROR;
				GCC_WARN_UNDECLARED_SELECTOR = YES;
				GCC_WARN_UNINITIALIZED_AUTOS = YES_AGGRESSIVE;
				GCC_WARN_UNUSED_FUNCTION = YES;
				GCC_WARN_UNUSED_VARIABLE = YES;
				IPHONEOS_DEPLOYMENT_TARGET = 9.2;
				MTL_ENABLE_DEBUG_INFO = NO;
				SDKROOT = iphoneos;
				VALIDATE_PRODUCT = YES;
			};
			name = Release;
		};
		1CDD0B051C7C057C0082A00B /* Debug */ = {
			isa = XCBuildConfiguration;
			buildSettings = {
				ASSETCATALOG_COMPILER_APPICON_NAME = AppIcon;
				CODE_SIGN_IDENTITY = "iPhone Developer";
				"CODE_SIGN_IDENTITY[sdk=iphoneos*]" = "iPhone Developer";
				INFOPLIST_FILE = "Location Log/Info.plist";
				LD_RUNPATH_SEARCH_PATHS = "$(inherited) @executable_path/Frameworks";
				PRODUCT_BUNDLE_IDENTIFIER = "trmquang.Location-Log";
				PRODUCT_NAME = "$(TARGET_NAME)";
				PROVISIONING_PROFILE = "";
			};
			name = Debug;
		};
		1CDD0B061C7C057C0082A00B /* Release */ = {
			isa = XCBuildConfiguration;
			buildSettings = {
				ASSETCATALOG_COMPILER_APPICON_NAME = AppIcon;
				CODE_SIGN_IDENTITY = "iPhone Developer";
				"CODE_SIGN_IDENTITY[sdk=iphoneos*]" = "iPhone Developer";
				INFOPLIST_FILE = "Location Log/Info.plist";
				LD_RUNPATH_SEARCH_PATHS = "$(inherited) @executable_path/Frameworks";
				PRODUCT_BUNDLE_IDENTIFIER = "trmquang.Location-Log";
				PRODUCT_NAME = "$(TARGET_NAME)";
				PROVISIONING_PROFILE = "";
			};
			name = Release;
		};
		1CDD0B081C7C057C0082A00B /* Debug */ = {
			isa = XCBuildConfiguration;
			buildSettings = {
				BUNDLE_LOADER = "$(TEST_HOST)";
				INFOPLIST_FILE = "Location LogTests/Info.plist";
				LD_RUNPATH_SEARCH_PATHS = "$(inherited) @executable_path/Frameworks @loader_path/Frameworks";
				PRODUCT_BUNDLE_IDENTIFIER = "trmquang.Location-LogTests";
				PRODUCT_NAME = "$(TARGET_NAME)";
				TEST_HOST = "$(BUILT_PRODUCTS_DIR)/Location Log.app/Location Log";
			};
			name = Debug;
		};
		1CDD0B091C7C057C0082A00B /* Release */ = {
			isa = XCBuildConfiguration;
			buildSettings = {
				BUNDLE_LOADER = "$(TEST_HOST)";
				INFOPLIST_FILE = "Location LogTests/Info.plist";
				LD_RUNPATH_SEARCH_PATHS = "$(inherited) @executable_path/Frameworks @loader_path/Frameworks";
				PRODUCT_BUNDLE_IDENTIFIER = "trmquang.Location-LogTests";
				PRODUCT_NAME = "$(TARGET_NAME)";
				TEST_HOST = "$(BUILT_PRODUCTS_DIR)/Location Log.app/Location Log";
			};
			name = Release;
		};
		1CDD0B0B1C7C057C0082A00B /* Debug */ = {
			isa = XCBuildConfiguration;
			buildSettings = {
				INFOPLIST_FILE = "Location LogUITests/Info.plist";
				LD_RUNPATH_SEARCH_PATHS = "$(inherited) @executable_path/Frameworks @loader_path/Frameworks";
				PRODUCT_BUNDLE_IDENTIFIER = "trmquang.Location-LogUITests";
				PRODUCT_NAME = "$(TARGET_NAME)";
				TEST_TARGET_NAME = "Location Log";
				USES_XCTRUNNER = YES;
			};
			name = Debug;
		};
		1CDD0B0C1C7C057C0082A00B /* Release */ = {
			isa = XCBuildConfiguration;
			buildSettings = {
				INFOPLIST_FILE = "Location LogUITests/Info.plist";
				LD_RUNPATH_SEARCH_PATHS = "$(inherited) @executable_path/Frameworks @loader_path/Frameworks";
				PRODUCT_BUNDLE_IDENTIFIER = "trmquang.Location-LogUITests";
				PRODUCT_NAME = "$(TARGET_NAME)";
				TEST_TARGET_NAME = "Location Log";
				USES_XCTRUNNER = YES;
			};
			name = Release;
		};
/* End XCBuildConfiguration section */

/* Begin XCConfigurationList section */
		1CDD0AD41C7C057B0082A00B /* Build configuration list for PBXProject "Location Log" */ = {
			isa = XCConfigurationList;
			buildConfigurations = (
				1CDD0B021C7C057C0082A00B /* Debug */,
				1CDD0B031C7C057C0082A00B /* Release */,
			);
			defaultConfigurationIsVisible = 0;
			defaultConfigurationName = Release;
		};
		1CDD0B041C7C057C0082A00B /* Build configuration list for PBXNativeTarget "Location Log" */ = {
			isa = XCConfigurationList;
			buildConfigurations = (
				1CDD0B051C7C057C0082A00B /* Debug */,
				1CDD0B061C7C057C0082A00B /* Release */,
			);
			defaultConfigurationIsVisible = 0;
			defaultConfigurationName = Release;
		};
		1CDD0B071C7C057C0082A00B /* Build configuration list for PBXNativeTarget "Location LogTests" */ = {
			isa = XCConfigurationList;
			buildConfigurations = (
				1CDD0B081C7C057C0082A00B /* Debug */,
				1CDD0B091C7C057C0082A00B /* Release */,
			);
			defaultConfigurationIsVisible = 0;
			defaultConfigurationName = Release;
		};
		1CDD0B0A1C7C057C0082A00B /* Build configuration list for PBXNativeTarget "Location LogUITests" */ = {
			isa = XCConfigurationList;
			buildConfigurations = (
				1CDD0B0B1C7C057C0082A00B /* Debug */,
				1CDD0B0C1C7C057C0082A00B /* Release */,
			);
			defaultConfigurationIsVisible = 0;
			defaultConfigurationName = Release;
		};
/* End XCConfigurationList section */

/* Begin XCVersionGroup section */
		1CDD0AE31C7C057B0082A00B /* Location_Log.xcdatamodeld */ = {
			isa = XCVersionGroup;
			children = (
				1CDD0AE41C7C057B0082A00B /* Location_Log.xcdatamodel */,
			);
			currentVersion = 1CDD0AE41C7C057B0082A00B /* Location_Log.xcdatamodel */;
			path = Location_Log.xcdatamodeld;
			sourceTree = "<group>";
			versionGroupType = wrapper.xcdatamodel;
		};
/* End XCVersionGroup section */
	};
	rootObject = 1CDD0AD11C7C057B0082A00B /* Project object */;
}
